# This file is automatically generated by fishy.
# It is not intended for manual editing.

version = 1

[[commits]]
entry_hash = "002099386201168d6989c69e237f45d9c32838db3077ec89aeaf988db7d8443d4c8b"
entry = "00301f05b5642c40067a116fc96d0916951fa5214451971d7d361680684007b3cd0001340020eab41e8581a6f1ff34a3ff804567953a99a28693cba819ec126cebe18aef55b2c3b9591f3bf07238993bdb9868f2aa4970d011767c4d474e97c0cb0a1ff0e4d113762383ded0d0bdde232f7d7160368ff702255188b8894c7587e33abb98f10c"
operation = "840100781a736368656d615f6669656c645f646566696e6974696f6e5f7631a2646e616d6565626c757262647479706563737472"

[[commits]]
entry_hash = "002014e30d29b5b925795e7fe25a1afc28b3aa6218d5b455bc6a0d599b042fb2ad2d"
entry = "00301f05b5642c40067a116fc96d0916951fa5214451971d7d361680684007b3cd01013300204d50790bd610c9a36eff7ea6c45e2fdbfb2a258c21ecbaa9bb219c6ee3b6ec258b64bf5c5aef4a20123bf906435887095d90bbecce7fc097e700dbf8660565912a9d7890c2f6c72516d9d30d186f700775405de8f4c832a0af7371ca04220f03"
operation = "840100781a736368656d615f6669656c645f646566696e6974696f6e5f7631a2646e616d65646973626e647479706563737472"

[[commits]]
entry_hash = "00201c9ce88ca2fdf6dddb5f3822d70f751c19f679f7420b48b57155a76dd787d36b"
entry = "00301f05b5642c40067a116fc96d0916951fa5214451971d7d361680684007b3cd0201370020d6d285a759f9a382bf90919fd4ff76ac98d5836b99706e8eaf719a4cd0b30ea3465b6cd854f3fb2d3fb7a6355bae1814b7230eb31456c103be3af531ff62b5449219b4f995787c8093158c5fcf0fc2ec4d4553754cd8804df13c79bfffa77705"
operation = "840100781a736368656d615f6669656c645f646566696e6974696f6e5f7631a2646e616d65686c616e6775616765647479706563737472"

[[commits]]
entry_hash = "00209c0c43cf651c937b15ddf80def8322092a2820c4c7e5ec3a67490141882876a6"
entry = "00301f05b5642c40067a116fc96d0916951fa5214451971d7d361680684007b3cd03013700206af1dcb6f03313bb8c20d93ab0fca34d1045ff6e490508a6dd49d085f84c49440343bbc35a15e2acc1f5176fdf50badf97e4176ccb387faf5c6a430fa4096d6acf05ce0cbe0a94634939c5db948e36754f59fb7b11d274683724237ddde00305"
operation = "840100781a736368656d615f6669656c645f646566696e6974696f6e5f7631a2646e616d65687375627469746c65647479706563737472"

[[commits]]
entry_hash = "0020b4a1866f5c4161b8ad55ddda3781f17e15a430c4bd114af11c4c24b826066873"
entry = "00301f05b5642c40067a116fc96d0916951fa5214451971d7d361680684007b3cd040134002051b639f9b643ad3f9a4181d9e9f13ff8861902bd14d757fe03dc973f3591f4457d6d2c365dd380d998ac210d0035056549b0faea3bf0780a55f58476f1570d9998e3ca53fa97816e46e90c2484d8a091ba19f9c86dce6eb9ff3f58ec68f33e06"
operation = "840100781a736368656d615f6669656c645f646566696e6974696f6e5f7631a2646e616d65657469746c65647479706563737472"

[[commits]]
entry_hash = "00201a70519f4d8a940e0f617ee00de5058f76ebc5cf9307b3925df19dc491c830c5"
entry = "00301f05b5642c40067a116fc96d0916951fa5214451971d7d361680684007b3cd0501f90116002004ac814c22a246c1dd788b0330620e662fc99ea87d34e801d94754b679356299254f73da73f64045d7281a1d850e2d35507698a6169f762f8674a44f9b046e34ff9daf7c78c97ad7e7a638e73c69092f36ff8e5c2d2905288e8c672f23ad7c07"
operation = "84010074736368656d615f646566696e6974696f6e5f7631a36b6465736372697074696f6e78244120756e697175652065646974696f6e206f662061207075626c697368656420776f726b666669656c647385815822002099386201168d6989c69e237f45d9c32838db3077ec89aeaf988db7d8443d4c8b815822002014e30d29b5b925795e7fe25a1afc28b3aa6218d5b455bc6a0d599b042fb2ad2d81582200201c9ce88ca2fdf6dddb5f3822d70f751c19f679f7420b48b57155a76dd787d36b81582200209c0c43cf651c937b15ddf80def8322092a2820c4c7e5ec3a67490141882876a68158220020b4a1866f5c4161b8ad55ddda3781f17e15a430c4bd114af11c4c24b826066873646e616d6564626f6f6b"

[[commits]]
entry_hash = "0020f41cc3daba57206da0e1131a2371cd566dc1b27b31fd3fc38548a624baabac93"
entry = "00301f05b5642c40067a116fc96d0916951fa5214451971d7d361680684007b3cd0601330020d71ccd9dd038adefad3260a41223e484edbc32e5c96b41df467c36bbd8c1d84ba94c5a78b3ce683c99223b0f6b8cdfc148320aa2894754aadf637eeb8a473b28c2a3746a94c13f96de0bbb895644da5c3cf800898a13bad0e4074200a44da908"
operation = "840100781a736368656d615f6669656c645f646566696e6974696f6e5f7631a2646e616d65646e616d65647479706563737472"

[[commits]]
entry_hash = "0020d56db1517f8595b2b774bc8c84e4ed00ac8abece07cd0592b95670f3fb0cc0a1"
entry = "00301f05b5642c40067a116fc96d0916951fa5214451971d7d361680684007b3cd07013300203c28594b1f988ab52928b6ed489d2e1dee6a88043acd2ca27979920ccae9c51817d9d974123b236d336db545da7f00f353bbe1c863cd8f3743108bae02e01eb063b422f2e7135fa5ce41c6d10c8f5dd6905facd0b8083b7092569320965c9306"
operation = "840100781a736368656d615f6669656c645f646566696e6974696f6e5f7631a2646e616d6564726f6c65647479706563737472"

[[commits]]
entry_hash = "0020e25ea745b4d45d70f2724c2b97e6d15af7318ba7cfa46dd73dd62fcd5b2f2809"
entry = "00301f05b5642c40067a116fc96d0916951fa5214451971d7d361680684007b3cd0801c30020d49daa86213c265dc90d131c7c7cc26110da6fc2cd991896a1dc6b2dc90b272718a7eb68da35e5c4b18a9568ab3e35d8ecede06b177b04d0991b55261a62237a921b2cca5a54fdfa088dd2fda96b1dcb87c39bac047de0cc508cd4fa994c0b0e"
operation = "84010074736368656d615f646566696e6974696f6e5f7631a36b6465736372697074696f6e7838416e20696e7374616e6365206f6620736f6d656f6e6520636f6e747269627574696e6720746f206120626f6f6b2773206372656174696f6e666669656c6473828158220020f41cc3daba57206da0e1131a2371cd566dc1b27b31fd3fc38548a624baabac938158220020d56db1517f8595b2b774bc8c84e4ed00ac8abece07cd0592b95670f3fb0cc0a1646e616d656c626f6f6b5f63726561746f72"

[[commits]]
entry_hash = "0020a3eb776d4df10d5806ea0701455716db45945c28ffd66d1c5525dc288097f1f5"
entry = "00301f05b5642c40067a116fc96d0916951fa5214451971d7d361680684007b3cd09013f0020e83653df8981b0a2ccdc15c09e256bd34274b8d4507f7742ffaa0cdc2f3beb8c452a09eaf8955939404ca2624bd2dae3a5a3e089abdc4e6c7972de0becb363266b0a44f89da932a2a468f2f9ef156ce9375bfcf0902b535b51b3fd9968c3eb0a"
operation = "840100781a736368656d615f6669656c645f646566696e6974696f6e5f7631a2646e616d65706c6f6e675f6465736372697074696f6e647479706563737472"

[[commits]]
entry_hash = "0020164cbb126532c6de58e78cac2c5964659d5a3e27bb23e03faaaea7cdd1124757"
entry = "00301f05b5642c40067a116fc96d0916951fa5214451971d7d361680684007b3cd0a01330020d71ccd9dd038adefad3260a41223e484edbc32e5c96b41df467c36bbd8c1d84b56ae744bdb8482e7f7a8ce5ec7f2ce33c537a680ad512a6e79868712461c4d8f82b3157d69cbb01fd66337f7cfbd949584e7b8488fd38886b2f0541294796d0c"
operation = "840100781a736368656d615f6669656c645f646566696e6974696f6e5f7631a2646e616d65646e616d65647479706563737472"

[[commits]]
entry_hash = "002050f61d6976393482eb01f79a723741b79a7373cc128653f3ea7156f073d3f173"
entry = "00301f05b5642c40067a116fc96d0916951fa5214451971d7d361680684007b3cd0b0140002022582a51dcc29dc1c9fa2df90cb51c17dadc7c83d562bd9eb9d71ff6b039e6fee73936d9ef252f2403ad3cb124e18dd49076b2bb7d2fe6f79fd5cf7579c7c005cc7504ab4211b9934ee47461f09771b904f10904e1408237645bf87842457e09"
operation = "840100781a736368656d615f6669656c645f646566696e6974696f6e5f7631a2646e616d657173686f72745f6465736372697074696f6e647479706563737472"

[[commits]]
entry_hash = "00207943770e9c960301ae7dda7bec77e4c8027879005b6156aeebad92300de523f1"
entry = "00301f05b5642c40067a116fc96d0916951fa5214451971d7d361680684007b3cd0c01bf0020e87fd0d8981ad4bdd39d396a5a1b71a15dc4224f6776522f5218fa04a39cd633354d27e8f3c913914ab15375cc03a4149f4d1f19c249b7adbbeae7e3afffd7f07f53210439ab940763998324d6d9f0c4c4efcb9e6bdb7a95c34853090d0d5701"
operation = "84010074736368656d615f646566696e6974696f6e5f7631a36b6465736372697074696f6e754120636f6c6c656374696f6e206f6620626f6f6b73666669656c6473838158220020a3eb776d4df10d5806ea0701455716db45945c28ffd66d1c5525dc288097f1f58158220020164cbb126532c6de58e78cac2c5964659d5a3e27bb23e03faaaea7cdd1124757815822002050f61d6976393482eb01f79a723741b79a7373cc128653f3ea7156f073d3f173646e616d65676c696272617279"
