# This file is automatically generated by fishy.
# It is not intended for manual editing.

version = 1

[[commits]]
entry_hash = "0020a5d41b94c528b0a5b6df7be09feb6b7c9d4e4c80fd8218d5f7799c800edbd228"
entry = "00301f05b5642c40067a116fc96d0916951fa5214451971d7d361680684007b3cd0001330020d71ccd9dd038adefad3260a41223e484edbc32e5c96b41df467c36bbd8c1d84bf9f47ccd3fc49ade58653ae9c83442954e4c3e99e7004d172b8715b50c3c4024095a3771b043f83185c19263fa09a9d3d332bad16d57a2834d0422bbc2f4170a"
operation = "840100781a736368656d615f6669656c645f646566696e6974696f6e5f7631a2646e616d65646e616d65647479706563737472"

[[commits]]
entry_hash = "0020fb3bb098e935299687cc3af22c778c98bebacea9cb4f2c7288e520f31ff60994"
entry = "00301f05b5642c40067a116fc96d0916951fa5214451971d7d361680684007b3cd01013300203c28594b1f988ab52928b6ed489d2e1dee6a88043acd2ca27979920ccae9c518b80e515a19a9fc0ee86f5cf21bd628d9a1a47c216f0a768fee5069736141317f3b0df6ba64e4181fb968634a1c931f5ddeb01a201fa1a8f96baf7a4fc3f82606"
operation = "840100781a736368656d615f6669656c645f646566696e6974696f6e5f7631a2646e616d6564726f6c65647479706563737472"

[[commits]]
entry_hash = "002069ebf6161b57797753e78b9d917511f9ba81b26a664703e41a6565d43345e474"
entry = "00301f05b5642c40067a116fc96d0916951fa5214451971d7d361680684007b3cd0201c300206a1f196836495f7fb5b986f67ab938f5efc8ca9f423542acbf6e72e78206043c31bf36126e2fe04c55bc5a549038ad4c5c3ba489b6149ad80feb0229ca9a0c510f1ec7956916131b3ac8f3ac0ceadff01fcc2fa121b8011d2f6aea8e3835da0c"
operation = "84010074736368656d615f646566696e6974696f6e5f7631a36b6465736372697074696f6e7838416e20696e7374616e6365206f6620736f6d656f6e6520636f6e747269627574696e6720746f206120626f6f6b2773206372656174696f6e666669656c6473828158220020a5d41b94c528b0a5b6df7be09feb6b7c9d4e4c80fd8218d5f7799c800edbd2288158220020fb3bb098e935299687cc3af22c778c98bebacea9cb4f2c7288e520f31ff60994646e616d656c626f6f6b5f63726561746f72"

[[commits]]
entry_hash = "0020ffee4beb636156743056a937c735ea0c287f072517de07de4767ce181fd62005"
entry = "00301f05b5642c40067a116fc96d0916951fa5214451971d7d361680684007b3cd0301340020eab41e8581a6f1ff34a3ff804567953a99a28693cba819ec126cebe18aef55b272d44d12ce83cc7dd609a73608ab6b3b92944649562b99613418961003269fb1daa5efbb68ef5a125584cab33fc03060dc246323d946754046efc66546ab190c"
operation = "840100781a736368656d615f6669656c645f646566696e6974696f6e5f7631a2646e616d6565626c757262647479706563737472"

[[commits]]
entry_hash = "00206e64d91df53b7fa2e48422ea5735aa3f8c02d338889a39e215b8ee920e3650eb"
entry = "00301f05b5642c40067a116fc96d0916951fa5214451971d7d361680684007b3cd04013300204d50790bd610c9a36eff7ea6c45e2fdbfb2a258c21ecbaa9bb219c6ee3b6ec25a7f9612df04988024cc521367ecb49fa791b697107860d24b08981848d850f3bc964145b14d2874d9dc990b0c0e1dfbf5e1f9c099c8ac25991772a8a59188f06"
operation = "840100781a736368656d615f6669656c645f646566696e6974696f6e5f7631a2646e616d65646973626e647479706563737472"

[[commits]]
entry_hash = "00208ab7f83f22998b84775ceb3cad62e7ce0678f0f9d80cd0ea7dafef45571c0477"
entry = "00301f05b5642c40067a116fc96d0916951fa5214451971d7d361680684007b3cd0501370020d6d285a759f9a382bf90919fd4ff76ac98d5836b99706e8eaf719a4cd0b30ea35c1076c9a48bd00abc83778d0129b8c56c9645e988a9501dfd98a4995e3deca1808cbcf18f64ee7d2f263ab3ebb5899c77e3b4c43be61b10df2e432aeff2a408"
operation = "840100781a736368656d615f6669656c645f646566696e6974696f6e5f7631a2646e616d65686c616e6775616765647479706563737472"

[[commits]]
entry_hash = "0020d3b6a15697057fe276f45d4225b0d67d5ad9e789eab8ae041ba08b5258e534d4"
entry = "00301f05b5642c40067a116fc96d0916951fa5214451971d7d361680684007b3cd06013700206af1dcb6f03313bb8c20d93ab0fca34d1045ff6e490508a6dd49d085f84c494432395e305b940eb6e4da9544a4427dbb8c6d7f1bc42629d1c18afeacf3baaa5438302445ba4984d8582eced2fb08eaece06f39a0cdae8026466caf214090a30e"
operation = "840100781a736368656d615f6669656c645f646566696e6974696f6e5f7631a2646e616d65687375627469746c65647479706563737472"

[[commits]]
entry_hash = "002038466bafe908e7c7f1c27700198bb0985d2ef2c95cfc61fcb3bb222a211dcf23"
entry = "00301f05b5642c40067a116fc96d0916951fa5214451971d7d361680684007b3cd070134002051b639f9b643ad3f9a4181d9e9f13ff8861902bd14d757fe03dc973f3591f44580ac9aa7fa9c6240935c26e19a2de85e8550a60f2cb933ec0c04d1550690de7bd23c71c67313dfaecac66537d38b64d7a9cbcb3e5bd61dae840bd8340674e702"
operation = "840100781a736368656d615f6669656c645f646566696e6974696f6e5f7631a2646e616d65657469746c65647479706563737472"

[[commits]]
entry_hash = "0020d7f55a852b3044f888acb4387b595425d58356415a69724867e0a83ce89419f1"
entry = "00301f05b5642c40067a116fc96d0916951fa5214451971d7d361680684007b3cd0801f901160020695f4b25c0a8e234fe1acb82fe1efcadd7a43ffb0f79350e50af360410882a511ad64a61e1f0b5cf12b5e93dd52fba2711f87c1a4e5f3c0114e71d265b9b6643587cb4c16a727c8d4f995d115aa7ff740e7e2ed6971baf3940fe20a3315e9602"
operation = "84010074736368656d615f646566696e6974696f6e5f7631a36b6465736372697074696f6e78244120756e697175652065646974696f6e206f662061207075626c697368656420776f726b666669656c6473858158220020ffee4beb636156743056a937c735ea0c287f072517de07de4767ce181fd6200581582200206e64d91df53b7fa2e48422ea5735aa3f8c02d338889a39e215b8ee920e3650eb81582200208ab7f83f22998b84775ceb3cad62e7ce0678f0f9d80cd0ea7dafef45571c04778158220020d3b6a15697057fe276f45d4225b0d67d5ad9e789eab8ae041ba08b5258e534d4815822002038466bafe908e7c7f1c27700198bb0985d2ef2c95cfc61fcb3bb222a211dcf23646e616d6564626f6f6b"

[[commits]]
entry_hash = "0020c546327cd60b5d1fbac4629bc2fd4f699a0d6d504fd3702471f8eac087be36c9"
entry = "00301f05b5642c40067a116fc96d0916951fa5214451971d7d361680684007b3cd0901950020c0aec0401cfc9dc727596a31cc2613429d29979b8a68713b10d307ddd90d3ea9cd7cf9358486362c607ab8a1a3f297800e6d308e4e00adcefaa502405ed8d9fdb307ffd5c8ac85f54bfb8baf323e189dea30759e01326a11215ca0f387b22908"
operation = "840100781a736368656d615f6669656c645f646566696e6974696f6e5f7631a2646e616d656863726561746f72736474797065786072656c6174696f6e5f6c69737428626f6f6b5f63726561746f725f303032303639656266363136316235373739373735336537386239643931373531316639626138316232366136363437303365343161363536356434333334356534373429"

[[commits]]
entry_hash = "0020ac57907071b641ac9049472ae3d7268ec57528516c4520330067d9928a6122fe"
entry = "00301f05b5642c40067a116fc96d0916951fa5214451971d7d361680684007b3cd08020020d7f55a852b3044f888acb4387b595425d58356415a69724867e0a83ce89419f1f90124002068f9167dbe3db34eee2a7ac81cb543f307770abf3e7b768efe82f47192a608b32e900c7e399e4f928046eb65bd1cab30e87b00e304f007707e3c1737966ec019da798be855f7e38fe1b793db7ed57d4c050b9e84bce1ca74ae82b8fce7275d0c"
operation = "85010174736368656d615f646566696e6974696f6e5f76318158220020d7f55a852b3044f888acb4387b595425d58356415a69724867e0a83ce89419f1a1666669656c6473868158220020ffee4beb636156743056a937c735ea0c287f072517de07de4767ce181fd620058158220020c546327cd60b5d1fbac4629bc2fd4f699a0d6d504fd3702471f8eac087be36c981582200206e64d91df53b7fa2e48422ea5735aa3f8c02d338889a39e215b8ee920e3650eb81582200208ab7f83f22998b84775ceb3cad62e7ce0678f0f9d80cd0ea7dafef45571c04778158220020d3b6a15697057fe276f45d4225b0d67d5ad9e789eab8ae041ba08b5258e534d4815822002038466bafe908e7c7f1c27700198bb0985d2ef2c95cfc61fcb3bb222a211dcf23"
