# This file is automatically generated by fishy.
# It is not intended for manual editing.

version = 1

[[commits]]
entry_hash = "002099386201168d6989c69e237f45d9c32838db3077ec89aeaf988db7d8443d4c8b"
entry = "00301f05b5642c40067a116fc96d0916951fa5214451971d7d361680684007b3cd0001340020eab41e8581a6f1ff34a3ff804567953a99a28693cba819ec126cebe18aef55b2c3b9591f3bf07238993bdb9868f2aa4970d011767c4d474e97c0cb0a1ff0e4d113762383ded0d0bdde232f7d7160368ff702255188b8894c7587e33abb98f10c"
operation = "840100781a736368656d615f6669656c645f646566696e6974696f6e5f7631a2646e616d6565626c757262647479706563737472"

[[commits]]
entry_hash = "002014e30d29b5b925795e7fe25a1afc28b3aa6218d5b455bc6a0d599b042fb2ad2d"
entry = "00301f05b5642c40067a116fc96d0916951fa5214451971d7d361680684007b3cd01013300204d50790bd610c9a36eff7ea6c45e2fdbfb2a258c21ecbaa9bb219c6ee3b6ec258b64bf5c5aef4a20123bf906435887095d90bbecce7fc097e700dbf8660565912a9d7890c2f6c72516d9d30d186f700775405de8f4c832a0af7371ca04220f03"
operation = "840100781a736368656d615f6669656c645f646566696e6974696f6e5f7631a2646e616d65646973626e647479706563737472"

[[commits]]
entry_hash = "00201c9ce88ca2fdf6dddb5f3822d70f751c19f679f7420b48b57155a76dd787d36b"
entry = "00301f05b5642c40067a116fc96d0916951fa5214451971d7d361680684007b3cd0201370020d6d285a759f9a382bf90919fd4ff76ac98d5836b99706e8eaf719a4cd0b30ea3465b6cd854f3fb2d3fb7a6355bae1814b7230eb31456c103be3af531ff62b5449219b4f995787c8093158c5fcf0fc2ec4d4553754cd8804df13c79bfffa77705"
operation = "840100781a736368656d615f6669656c645f646566696e6974696f6e5f7631a2646e616d65686c616e6775616765647479706563737472"

[[commits]]
entry_hash = "00204cc8b543476cb28fdb770fc7c84d57337fa05a6d130216d3275f16710aff95a5"
entry = "00301f05b5642c40067a116fc96d0916951fa5214451971d7d361680684007b3cd030134002051b639f9b643ad3f9a4181d9e9f13ff8861902bd14d757fe03dc973f3591f44570ccce98a4d9f4fa805a63c91ce7001d986e6484ff67e08adbc2e1ca4c03c913dc7613de8f7c504df25862b566be425dbf2e5d558fe1ff0e3ef9176f0254c10d"
operation = "840100781a736368656d615f6669656c645f646566696e6974696f6e5f7631a2646e616d65657469746c65647479706563737472"

[[commits]]
entry_hash = "0020f66d54e5c6b7ad6399ffe64f3f62c23ba487711cc60dd4d52eca232b5a45383a"
entry = "00301f05b5642c40067a116fc96d0916951fa5214451971d7d361680684007b3cd0401f1002029eb25b2a6d56059bf268199807c299b266282b4cc2a45ea16f3413c2d8fed99daa24f05ccadf389f198441b3c207b35669f89f938791877cc2f04a92e36ffcbc41b9723af6cbf6546a14523c4d396bc9820f107072b2126d0125a74ac23230c"
operation = "84010074736368656d615f646566696e6974696f6e5f7631a36b6465736372697074696f6e78244120756e697175652065646974696f6e206f662061207075626c697368656420776f726b666669656c647384815822002099386201168d6989c69e237f45d9c32838db3077ec89aeaf988db7d8443d4c8b815822002014e30d29b5b925795e7fe25a1afc28b3aa6218d5b455bc6a0d599b042fb2ad2d81582200201c9ce88ca2fdf6dddb5f3822d70f751c19f679f7420b48b57155a76dd787d36b81582200204cc8b543476cb28fdb770fc7c84d57337fa05a6d130216d3275f16710aff95a5646e616d6564626f6f6b"

[[commits]]
entry_hash = "00203d32214779803a0c85e1d414aece3382d11e1d52885aba4e0ecfcaac6bf9f450"
entry = "00301f05b5642c40067a116fc96d0916951fa5214451971d7d361680684007b3cd0501330020d71ccd9dd038adefad3260a41223e484edbc32e5c96b41df467c36bbd8c1d84bc52aec7f6aa8c69cf8072cb73b472ba880c3218cd67937d9921072894f1389430cc5e3e53a1aca713a2cfac3b36f1372045127fa4716040d16119ab3b425ff05"
operation = "840100781a736368656d615f6669656c645f646566696e6974696f6e5f7631a2646e616d65646e616d65647479706563737472"

[[commits]]
entry_hash = "002048f50f374dd9db165cffe0cb814cf5eee32f41a42aa467f7319dba73941affd7"
entry = "00301f05b5642c40067a116fc96d0916951fa5214451971d7d361680684007b3cd06013300203c28594b1f988ab52928b6ed489d2e1dee6a88043acd2ca27979920ccae9c5183fee0fe35a9d184e9787e3af5dcc24e61e089347070ab9b74de44577b879f6b9ad371cff6a3505114dde237e712eb14e832b54c2585acbb2c9ee6278a43a580a"
operation = "840100781a736368656d615f6669656c645f646566696e6974696f6e5f7631a2646e616d6564726f6c65647479706563737472"

[[commits]]
entry_hash = "002045e4b065583d61ba64b19c8d36d43ca93d9f002d13d83d15f3b5c5c6880ddec5"
entry = "00301f05b5642c40067a116fc96d0916951fa5214451971d7d361680684007b3cd0701c300208494c444e1156814a9c865bdb257fb258f5b9cb960ddfcbcc21e946f2b48a89fcc93a7bc9cab7e0c59230b56dd70296b2b6c8e74bce6a8a48678357c2bcfe5e46954e04cc731a6094ccef9ad8ebb9bd73f41930fb779a8b1bf46bf9364b1c102"
operation = "84010074736368656d615f646566696e6974696f6e5f7631a36b6465736372697074696f6e7838416e20696e7374616e6365206f6620736f6d656f6e6520636f6e747269627574696e6720746f206120626f6f6b2773206372656174696f6e666669656c64738281582200203d32214779803a0c85e1d414aece3382d11e1d52885aba4e0ecfcaac6bf9f450815822002048f50f374dd9db165cffe0cb814cf5eee32f41a42aa467f7319dba73941affd7646e616d656c626f6f6b5f63726561746f72"
